Microsoft Visual Studio Solution File, Format Version 12.00
# Visual Studio Version 17
VisualStudioVersion = 17.5.2.0
MinimumVisualStudioVersion = 10.0.40219.1
Project("{FAE04EC0-301F-11D3-BF4B-00C04F79EFBC}") = "7Lagstaord", "7Lagstaord.csproj", "{B1CE6819-6860-C574-DDD7-BCBCB62A30AE}"
EndProject
Global
	GlobalSection(SolutionConfigurationPlatforms) = preSolution
		Debug|Any CPU = Debug|Any CPU
		Release|Any CPU = Release|Any CPU
	EndGlobalSection
	GlobalSection(ProjectConfigurationPlatforms) = postSolution
		{B1CE6819-6860-C574-DDD7-BCBCB62A30AE}.Debug|Any CPU.ActiveCfg = Debug|Any CPU
		{B1CE6819-6860-C574-DDD7-BCBCB62A30AE}.Debug|Any CPU.Build.0 = Debug|Any CPU
		{B1CE6819-6860-C574-DDD7-BCBCB62A30AE}.Release|Any CPU.ActiveCfg = Release|Any CPU
		{B1CE6819-6860-C574-DDD7-BCBCB62A30AE}.Release|Any CPU.Build.0 = Release|Any CPU
	EndGlobalSection
	GlobalSection(SolutionProperties) = preSolution
		HideSolutionNode = FALSE
	EndGlobalSection
	GlobalSection(ExtensibilityGlobals) = postSolution
		SolutionGuid = {E8F8834E-5C1B-4C07-890F-508AEA2A2F37}
	EndGlobalSection
EndGlobal
