Microsoft Visual Studio Solution File, Format Version 12.00
# Visual Studio Version 17
VisualStudioVersion = 17.5.2.0
MinimumVisualStudioVersion = 10.0.40219.1
Project("{FAE04EC0-301F-11D3-BF4B-00C04F79EFBC}") = "7InkopsLista", "7InkopsLista.csproj", "{C67A1496-010F-1016-76BF-EBA9B3DE3BD4}"
EndProject
Global
	GlobalSection(SolutionConfigurationPlatforms) = preSolution
		Debug|Any CPU = Debug|Any CPU
		Release|Any CPU = Release|Any CPU
	EndGlobalSection
	GlobalSection(ProjectConfigurationPlatforms) = postSolution
		{C67A1496-010F-1016-76BF-EBA9B3DE3BD4}.Debug|Any CPU.ActiveCfg = Debug|Any CPU
		{C67A1496-010F-1016-76BF-EBA9B3DE3BD4}.Debug|Any CPU.Build.0 = Debug|Any CPU
		{C67A1496-010F-1016-76BF-EBA9B3DE3BD4}.Release|Any CPU.ActiveCfg = Release|Any CPU
		{C67A1496-010F-1016-76BF-EBA9B3DE3BD4}.Release|Any CPU.Build.0 = Release|Any CPU
	EndGlobalSection
	GlobalSection(SolutionProperties) = preSolution
		HideSolutionNode = FALSE
	EndGlobalSection
	GlobalSection(ExtensibilityGlobals) = postSolution
		SolutionGuid = {AA661EC5-4EA0-4965-8D42-63FA039E4055}
	EndGlobalSection
EndGlobal
