Microsoft Visual Studio Solution File, Format Version 12.00
# Visual Studio Version 17
VisualStudioVersion = 17.5.2.0
MinimumVisualStudioVersion = 10.0.40219.1
Project("{FAE04EC0-301F-11D3-BF4B-00C04F79EFBC}") = "1HWMetod", "1HWMetod.csproj", "{96FBC16A-D682-158A-EA87-CE913533E2BE}"
EndProject
Global
	GlobalSection(SolutionConfigurationPlatforms) = preSolution
		Debug|Any CPU = Debug|Any CPU
		Release|Any CPU = Release|Any CPU
	EndGlobalSection
	GlobalSection(ProjectConfigurationPlatforms) = postSolution
		{96FBC16A-D682-158A-EA87-CE913533E2BE}.Debug|Any CPU.ActiveCfg = Debug|Any CPU
		{96FBC16A-D682-158A-EA87-CE913533E2BE}.Debug|Any CPU.Build.0 = Debug|Any CPU
		{96FBC16A-D682-158A-EA87-CE913533E2BE}.Release|Any CPU.ActiveCfg = Release|Any CPU
		{96FBC16A-D682-158A-EA87-CE913533E2BE}.Release|Any CPU.Build.0 = Release|Any CPU
	EndGlobalSection
	GlobalSection(SolutionProperties) = preSolution
		HideSolutionNode = FALSE
	EndGlobalSection
	GlobalSection(ExtensibilityGlobals) = postSolution
		SolutionGuid = {A05A9860-41FD-4D48-9996-CD44751924A8}
	EndGlobalSection
EndGlobal
