Microsoft Visual Studio Solution File, Format Version 12.00
# Visual Studio Version 17
VisualStudioVersion = 17.5.2.0
MinimumVisualStudioVersion = 10.0.40219.1
Project("{FAE04EC0-301F-11D3-BF4B-00C04F79EFBC}") = "5MyndigMetod", "5MyndigMetod.csproj", "{47178680-2F35-F121-00FB-B10E2CA045C9}"
EndProject
Global
	GlobalSection(SolutionConfigurationPlatforms) = preSolution
		Debug|Any CPU = Debug|Any CPU
		Release|Any CPU = Release|Any CPU
	EndGlobalSection
	GlobalSection(ProjectConfigurationPlatforms) = postSolution
		{47178680-2F35-F121-00FB-B10E2CA045C9}.Debug|Any CPU.ActiveCfg = Debug|Any CPU
		{47178680-2F35-F121-00FB-B10E2CA045C9}.Debug|Any CPU.Build.0 = Debug|Any CPU
		{47178680-2F35-F121-00FB-B10E2CA045C9}.Release|Any CPU.ActiveCfg = Release|Any CPU
		{47178680-2F35-F121-00FB-B10E2CA045C9}.Release|Any CPU.Build.0 = Release|Any CPU
	EndGlobalSection
	GlobalSection(SolutionProperties) = preSolution
		HideSolutionNode = FALSE
	EndGlobalSection
	GlobalSection(ExtensibilityGlobals) = postSolution
		SolutionGuid = {8B3E4DEC-5DD1-4337-8DDA-DB9CA281A860}
	EndGlobalSection
EndGlobal
