Microsoft Visual Studio Solution File, Format Version 12.00
# Visual Studio Version 17
VisualStudioVersion = 17.5.2.0
MinimumVisualStudioVersion = 10.0.40219.1
Project("{FAE04EC0-301F-11D3-BF4B-00C04F79EFBC}") = "6TemperatureDates", "6TemperatureDates.csproj", "{AEE19569-3542-FF7A-45F2-27876100091A}"
EndProject
Global
	GlobalSection(SolutionConfigurationPlatforms) = preSolution
		Debug|Any CPU = Debug|Any CPU
		Release|Any CPU = Release|Any CPU
	EndGlobalSection
	GlobalSection(ProjectConfigurationPlatforms) = postSolution
		{AEE19569-3542-FF7A-45F2-27876100091A}.Debug|Any CPU.ActiveCfg = Debug|Any CPU
		{AEE19569-3542-FF7A-45F2-27876100091A}.Debug|Any CPU.Build.0 = Debug|Any CPU
		{AEE19569-3542-FF7A-45F2-27876100091A}.Release|Any CPU.ActiveCfg = Release|Any CPU
		{AEE19569-3542-FF7A-45F2-27876100091A}.Release|Any CPU.Build.0 = Release|Any CPU
	EndGlobalSection
	GlobalSection(SolutionProperties) = preSolution
		HideSolutionNode = FALSE
	EndGlobalSection
	GlobalSection(ExtensibilityGlobals) = postSolution
		SolutionGuid = {57257686-D644-418B-BEB5-4C93B0FA8A45}
	EndGlobalSection
EndGlobal
