Microsoft Visual Studio Solution File, Format Version 12.00
# Visual Studio Version 17
VisualStudioVersion = 17.5.2.0
MinimumVisualStudioVersion = 10.0.40219.1
Project("{FAE04EC0-301F-11D3-BF4B-00C04F79EFBC}") = "EvenAverage", "EvenAverage.csproj", "{DA007181-0776-4662-732F-7C9EC7C296EC}"
EndProject
Global
	GlobalSection(SolutionConfigurationPlatforms) = preSolution
		Debug|Any CPU = Debug|Any CPU
		Release|Any CPU = Release|Any CPU
	EndGlobalSection
	GlobalSection(ProjectConfigurationPlatforms) = postSolution
		{DA007181-0776-4662-732F-7C9EC7C296EC}.Debug|Any CPU.ActiveCfg = Debug|Any CPU
		{DA007181-0776-4662-732F-7C9EC7C296EC}.Debug|Any CPU.Build.0 = Debug|Any CPU
		{DA007181-0776-4662-732F-7C9EC7C296EC}.Release|Any CPU.ActiveCfg = Release|Any CPU
		{DA007181-0776-4662-732F-7C9EC7C296EC}.Release|Any CPU.Build.0 = Release|Any CPU
	EndGlobalSection
	GlobalSection(SolutionProperties) = preSolution
		HideSolutionNode = FALSE
	EndGlobalSection
	GlobalSection(ExtensibilityGlobals) = postSolution
		SolutionGuid = {3DFD7DC7-7CDE-4673-9B8F-D5C60EE2722D}
	EndGlobalSection
EndGlobal
