Microsoft Visual Studio Solution File, Format Version 12.00
# Visual Studio Version 17
VisualStudioVersion = 17.5.2.0
MinimumVisualStudioVersion = 10.0.40219.1
Project("{FAE04EC0-301F-11D3-BF4B-00C04F79EFBC}") = "BirthdayInfo", "BirthdayInfo.csproj", "{4086BBDB-5533-3F9C-89F1-89AAC31B0188}"
EndProject
Global
	GlobalSection(SolutionConfigurationPlatforms) = preSolution
		Debug|Any CPU = Debug|Any CPU
		Release|Any CPU = Release|Any CPU
	EndGlobalSection
	GlobalSection(ProjectConfigurationPlatforms) = postSolution
		{4086BBDB-5533-3F9C-89F1-89AAC31B0188}.Debug|Any CPU.ActiveCfg = Debug|Any CPU
		{4086BBDB-5533-3F9C-89F1-89AAC31B0188}.Debug|Any CPU.Build.0 = Debug|Any CPU
		{4086BBDB-5533-3F9C-89F1-89AAC31B0188}.Release|Any CPU.ActiveCfg = Release|Any CPU
		{4086BBDB-5533-3F9C-89F1-89AAC31B0188}.Release|Any CPU.Build.0 = Release|Any CPU
	EndGlobalSection
	GlobalSection(SolutionProperties) = preSolution
		HideSolutionNode = FALSE
	EndGlobalSection
	GlobalSection(ExtensibilityGlobals) = postSolution
		SolutionGuid = {99B63DFA-F72A-43E3-84C0-6C9EDEB51AB6}
	EndGlobalSection
EndGlobal
